
Microsoft Visual Studio Solution File, Format Version 12.00
# Visual Studio Version 17
VisualStudioVersion = 17.8.34330.188
MinimumVisualStudioVersion = 10.0.40219.1
Project("{888888A0-9F3D-457C-B088-3A5042F75D52}") = "PasswordGenerator", "PasswordGenerator\PasswordGenerator.pyproj", "{F34322D9-A0F6-4156-AF66-2E4A28DEE352}"
EndProject
Global
	GlobalSection(SolutionConfigurationPlatforms) = preSolution
		Debug|Any CPU = Debug|Any CPU
		Release|Any CPU = Release|Any CPU
	EndGlobalSection
	GlobalSection(ProjectConfigurationPlatforms) = postSolution
		{F34322D9-A0F6-4156-AF66-2E4A28DEE352}.Debug|Any CPU.ActiveCfg = Debug|Any CPU
		{F34322D9-A0F6-4156-AF66-2E4A28DEE352}.Release|Any CPU.ActiveCfg = Release|Any CPU
	EndGlobalSection
	GlobalSection(SolutionProperties) = preSolution
		HideSolutionNode = FALSE
	EndGlobalSection
	GlobalSection(ExtensibilityGlobals) = postSolution
		SolutionGuid = {E6A45A13-0374-4EC3-92ED-CC0FCAF6EA78}
	EndGlobalSection
EndGlobal
